
Microsoft Visual Studio Solution File, Format Version 12.00
# Visual Studio 14
VisualStudioVersion = 14.0.25420.1
MinimumVisualStudioVersion = 10.0.40219.1
Project("{182E2583-ECAD-465B-BB50-91101D7C24CE}") = "BikeSharing.Data.DataLake", "BikeSharing.Data.DataLake\BikeSharing.Data.DataLake.usqlproj", "{89A5EC4D-0F1C-4F03-9C2C-1FA153D8BD3A}"
EndProject
Global
	GlobalSection(SolutionConfigurationPlatforms) = preSolution
		Debug|Any CPU = Debug|Any CPU
		Debug|x64 = Debug|x64
		Debug|x86 = Debug|x86
		Release|Any CPU = Release|Any CPU
		Release|x64 = Release|x64
		Release|x86 = Release|x86
	EndGlobalSection
	GlobalSection(ProjectConfigurationPlatforms) = postSolution
		{89A5EC4D-0F1C-4F03-9C2C-1FA153D8BD3A}.Debug|Any CPU.ActiveCfg = Debug|Any CPU
		{89A5EC4D-0F1C-4F03-9C2C-1FA153D8BD3A}.Debug|Any CPU.Build.0 = Debug|Any CPU
		{89A5EC4D-0F1C-4F03-9C2C-1FA153D8BD3A}.Debug|x64.ActiveCfg = Debug|x64
		{89A5EC4D-0F1C-4F03-9C2C-1FA153D8BD3A}.Debug|x64.Build.0 = Debug|x64
		{89A5EC4D-0F1C-4F03-9C2C-1FA153D8BD3A}.Debug|x86.ActiveCfg = Debug|x86
		{89A5EC4D-0F1C-4F03-9C2C-1FA153D8BD3A}.Debug|x86.Build.0 = Debug|x86
		{89A5EC4D-0F1C-4F03-9C2C-1FA153D8BD3A}.Release|Any CPU.ActiveCfg = Release|Any CPU
		{89A5EC4D-0F1C-4F03-9C2C-1FA153D8BD3A}.Release|Any CPU.Build.0 = Release|Any CPU
		{89A5EC4D-0F1C-4F03-9C2C-1FA153D8BD3A}.Release|x64.ActiveCfg = Release|x64
		{89A5EC4D-0F1C-4F03-9C2C-1FA153D8BD3A}.Release|x64.Build.0 = Release|x64
		{89A5EC4D-0F1C-4F03-9C2C-1FA153D8BD3A}.Release|x86.ActiveCfg = Release|x86
		{89A5EC4D-0F1C-4F03-9C2C-1FA153D8BD3A}.Release|x86.Build.0 = Release|x86
	EndGlobalSection
	GlobalSection(SolutionProperties) = preSolution
		HideSolutionNode = FALSE
	EndGlobalSection
EndGlobal
